// !$*UTF8*$!
{
	archiveVersion = 1;
	classes = {
	};
	objectVersion = 56;
	objects = {

/* Begin PBXBuildFile section */
		F81CDA0B2A6A70AB007A7BA9 /* acobTimerView.h in Headers */ = {isa = PBXBuildFile; fileRef = F81CDA0A2A6A70AB007A7BA9 /* acobTimerView.h */; };
		F81CDA0D2A6A70AB007A7BA9 /* acobTimerView.m in Sources */ = {isa = PBXBuildFile; fileRef = F81CDA0C2A6A70AB007A7BA9 /* acobTimerView.m */; };
		F81CDA222A6A7ED4007A7BA9 /* index.css in Resources */ = {isa = PBXBuildFile; fileRef = F81CDA1F2A6A7ED4007A7BA9 /* index.css */; };
		F81CDA232A6A7ED4007A7BA9 /* index.html in Resources */ = {isa = PBXBuildFile; fileRef = F81CDA202A6A7ED4007A7BA9 /* index.html */; };
		F81CDA242A6A7ED4007A7BA9 /* index.js in Resources */ = {isa = PBXBuildFile; fileRef = F81CDA212A6A7ED4007A7BA9 /* index.js */; };
/* End PBXBuildFile section */

/* Begin PBXFileReference section */
		F81CDA072A6A70AB007A7BA9 /* acobTimer.saver */ = {isa = PBXFileReference; explicitFileType = wrapper.cfbundle; includeInIndex = 0; path = acobTimer.saver; sourceTree = BUILT_PRODUCTS_DIR; };
		F81CDA0A2A6A70AB007A7BA9 /* acobTimerView.h */ = {isa = PBXFileReference; lastKnownFileType = sourcecode.c.h; path = acobTimerView.h; sourceTree = "<group>"; };
		F81CDA0C2A6A70AB007A7BA9 /* acobTimerView.m */ = {isa = PBXFileReference; lastKnownFileType = sourcecode.c.objc; path = acobTimerView.m; sourceTree = "<group>"; };
		F81CDA1F2A6A7ED4007A7BA9 /* index.css */ = {isa = PBXFileReference; lastKnownFileType = text.css; path = index.css; sourceTree = "<group>"; };
		F81CDA202A6A7ED4007A7BA9 /* index.html */ = {isa = PBXFileReference; lastKnownFileType = text.html; path = index.html; sourceTree = "<group>"; };
		F81CDA212A6A7ED4007A7BA9 /* index.js */ = {isa = PBXFileReference; lastKnownFileType = sourcecode.javascript; path = index.js; sourceTree = "<group>"; };
/* End PBXFileReference section */

/* Begin PBXFrameworksBuildPhase section */
		F81CDA042A6A70AB007A7BA9 /* Frameworks */ = {
			isa = PBXFrameworksBuildPhase;
			buildActionMask = 2147483647;
			files = (
			);
			runOnlyForDeploymentPostprocessing = 0;
		};
/* End PBXFrameworksBuildPhase section */

/* Begin PBXGroup section */
		F81CD9FD2A6A70AB007A7BA9 = {
			isa = PBXGroup;
			children = (
				F81CDA1F2A6A7ED4007A7BA9 /* index.css */,
				F81CDA202A6A7ED4007A7BA9 /* index.html */,
				F81CDA212A6A7ED4007A7BA9 /* index.js */,
				F81CDA092A6A70AB007A7BA9 /* acobTimer */,
				F81CDA082A6A70AB007A7BA9 /* Products */,
			);
			sourceTree = "<group>";
		};
		F81CDA082A6A70AB007A7BA9 /* Products */ = {
			isa = PBXGroup;
			children = (
				F81CDA072A6A70AB007A7BA9 /* acobTimer.saver */,
			);
			name = Products;
			sourceTree = "<group>";
		};
		F81CDA092A6A70AB007A7BA9 /* acobTimer */ = {
			isa = PBXGroup;
			children = (
				F81CDA0A2A6A70AB007A7BA9 /* acobTimerView.h */,
				F81CDA0C2A6A70AB007A7BA9 /* acobTimerView.m */,
			);
			path = acobTimer;
			sourceTree = "<group>";
		};
/* End PBXGroup section */

/* Begin PBXHeadersBuildPhase section */
		F81CDA022A6A70AB007A7BA9 /* Headers */ = {
			isa = PBXHeadersBuildPhase;
			buildActionMask = 2147483647;
			files = (
				F81CDA0B2A6A70AB007A7BA9 /* acobTimerView.h in Headers */,
			);
			runOnlyForDeploymentPostprocessing = 0;
		};
/* End PBXHeadersBuildPhase section */

/* Begin PBXNativeTarget section */
		F81CDA062A6A70AB007A7BA9 /* acobTimer */ = {
			isa = PBXNativeTarget;
			buildConfigurationList = F81CDA102A6A70AB007A7BA9 /* Build configuration list for PBXNativeTarget "acobTimer" */;
			buildPhases = (
				F81CDA022A6A70AB007A7BA9 /* Headers */,
				F81CDA032A6A70AB007A7BA9 /* Sources */,
				F81CDA042A6A70AB007A7BA9 /* Frameworks */,
				F81CDA052A6A70AB007A7BA9 /* Resources */,
			);
			buildRules = (
			);
			dependencies = (
			);
			name = acobTimer;
			productName = acobTimer;
			productReference = F81CDA072A6A70AB007A7BA9 /* acobTimer.saver */;
			productType = "com.apple.product-type.bundle";
		};
/* End PBXNativeTarget section */

/* Begin PBXProject section */
		F81CD9FE2A6A70AB007A7BA9 /* Project object */ = {
			isa = PBXProject;
			attributes = {
				BuildIndependentTargetsInParallel = 1;
				LastUpgradeCheck = 1430;
				TargetAttributes = {
					F81CDA062A6A70AB007A7BA9 = {
						CreatedOnToolsVersion = 14.3.1;
					};
				};
			};
			buildConfigurationList = F81CDA012A6A70AB007A7BA9 /* Build configuration list for PBXProject "acobTimer" */;
			compatibilityVersion = "Xcode 14.0";
			developmentRegion = en;
			hasScannedForEncodings = 0;
			knownRegions = (
				en,
				Base,
			);
			mainGroup = F81CD9FD2A6A70AB007A7BA9;
			productRefGroup = F81CDA082A6A70AB007A7BA9 /* Products */;
			projectDirPath = "";
			projectRoot = "";
			targets = (
				F81CDA062A6A70AB007A7BA9 /* acobTimer */,
			);
		};
/* End PBXProject section */

/* Begin PBXResourcesBuildPhase section */
		F81CDA052A6A70AB007A7BA9 /* Resources */ = {
			isa = PBXResourcesBuildPhase;
			buildActionMask = 2147483647;
			files = (
				F81CDA222A6A7ED4007A7BA9 /* index.css in Resources */,
				F81CDA232A6A7ED4007A7BA9 /* index.html in Resources */,
				F81CDA242A6A7ED4007A7BA9 /* index.js in Resources */,
			);
			runOnlyForDeploymentPostprocessing = 0;
		};
/* End PBXResourcesBuildPhase section */

/* Begin PBXSourcesBuildPhase section */
		F81CDA032A6A70AB007A7BA9 /* Sources */ = {
			isa = PBXSourcesBuildPhase;
			buildActionMask = 2147483647;
			files = (
				F81CDA0D2A6A70AB007A7BA9 /* acobTimerView.m in Sources */,
			);
			runOnlyForDeploymentPostprocessing = 0;
		};
/* End PBXSourcesBuildPhase section */

/* Begin XCBuildConfiguration section */
		F81CDA0E2A6A70AB007A7BA9 /* Debug */ = {
			isa = XCBuildConfiguration;
			buildSettings = {
				ALWAYS_SEARCH_USER_PATHS = NO;
				CLANG_ANALYZER_NONNULL = YES;
				CLANG_ANALYZER_NUMBER_OBJECT_CONVERSION = YES_AGGRESSIVE;
				CLANG_CXX_LANGUAGE_STANDARD = "gnu++20";
				CLANG_ENABLE_MODULES = YES;
				CLANG_ENABLE_OBJC_ARC = YES;
				CLANG_ENABLE_OBJC_WEAK = YES;
				CLANG_WARN_BLOCK_CAPTURE_AUTORELEASING = YES;
				CLANG_WARN_BOOL_CONVERSION = YES;
				CLANG_WARN_COMMA = YES;
				CLANG_WARN_CONSTANT_CONVERSION = YES;
				CLANG_WARN_DEPRECATED_OBJC_IMPLEMENTATIONS = YES;
				CLANG_WARN_DIRECT_OBJC_ISA_USAGE = YES_ERROR;
				CLANG_WARN_DOCUMENTATION_COMMENTS = YES;
				CLANG_WARN_EMPTY_BODY = YES;
				CLANG_WARN_ENUM_CONVERSION = YES;
				CLANG_WARN_INFINITE_RECURSION = YES;
				CLANG_WARN_INT_CONVERSION = YES;
				CLANG_WARN_NON_LITERAL_NULL_CONVERSION = YES;
				CLANG_WARN_OBJC_IMPLICIT_RETAIN_SELF = YES;
				CLANG_WARN_OBJC_LITERAL_CONVERSION = YES;
				CLANG_WARN_OBJC_ROOT_CLASS = YES_ERROR;
				CLANG_WARN_QUOTED_INCLUDE_IN_FRAMEWORK_HEADER = YES;
				CLANG_WARN_RANGE_LOOP_ANALYSIS = YES;
				CLANG_WARN_STRICT_PROTOTYPES = YES;
				CLANG_WARN_SUSPICIOUS_MOVE = YES;
				CLANG_WARN_UNGUARDED_AVAILABILITY = YES_AGGRESSIVE;
				CLANG_WARN_UNREACHABLE_CODE = YES;
				CLANG_WARN__DUPLICATE_METHOD_MATCH = YES;
				COPY_PHASE_STRIP = NO;
				DEBUG_INFORMATION_FORMAT = dwarf;
				ENABLE_STRICT_OBJC_MSGSEND = YES;
				ENABLE_TESTABILITY = YES;
				GCC_C_LANGUAGE_STANDARD = gnu11;
				GCC_DYNAMIC_NO_PIC = NO;
				GCC_NO_COMMON_BLOCKS = YES;
				GCC_OPTIMIZATION_LEVEL = 0;
				GCC_PREPROCESSOR_DEFINITIONS = (
					"DEBUG=1",
					"$(inherited)",
				);
				GCC_WARN_64_TO_32_BIT_CONVERSION = YES;
				GCC_WARN_ABOUT_RETURN_TYPE = YES_ERROR;
				GCC_WARN_UNDECLARED_SELECTOR = YES;
				GCC_WARN_UNINITIALIZED_AUTOS = YES_AGGRESSIVE;
				GCC_WARN_UNUSED_FUNCTION = YES;
				GCC_WARN_UNUSED_VARIABLE = YES;
				MACOSX_DEPLOYMENT_TARGET = 13.3;
				MTL_ENABLE_DEBUG_INFO = INCLUDE_SOURCE;
				MTL_FAST_MATH = YES;
				ONLY_ACTIVE_ARCH = YES;
				SDKROOT = macosx;
			};
			name = Debug;
		};
		F81CDA0F2A6A70AB007A7BA9 /* Release */ = {
			isa = XCBuildConfiguration;
			buildSettings = {
				ALWAYS_SEARCH_USER_PATHS = NO;
				CLANG_ANALYZER_NONNULL = YES;
				CLANG_ANALYZER_NUMBER_OBJECT_CONVERSION = YES_AGGRESSIVE;
				CLANG_CXX_LANGUAGE_STANDARD = "gnu++20";
				CLANG_ENABLE_MODULES = YES;
				CLANG_ENABLE_OBJC_ARC = YES;
				CLANG_ENABLE_OBJC_WEAK = YES;
				CLANG_WARN_BLOCK_CAPTURE_AUTORELEASING = YES;
				CLANG_WARN_BOOL_CONVERSION = YES;
				CLANG_WARN_COMMA = YES;
				CLANG_WARN_CONSTANT_CONVERSION = YES;
				CLANG_WARN_DEPRECATED_OBJC_IMPLEMENTATIONS = YES;
				CLANG_WARN_DIRECT_OBJC_ISA_USAGE = YES_ERROR;
				CLANG_WARN_DOCUMENTATION_COMMENTS = YES;
				CLANG_WARN_EMPTY_BODY = YES;
				CLANG_WARN_ENUM_CONVERSION = YES;
				CLANG_WARN_INFINITE_RECURSION = YES;
				CLANG_WARN_INT_CONVERSION = YES;
				CLANG_WARN_NON_LITERAL_NULL_CONVERSION = YES;
				CLANG_WARN_OBJC_IMPLICIT_RETAIN_SELF = YES;
				CLANG_WARN_OBJC_LITERAL_CONVERSION = YES;
				CLANG_WARN_OBJC_ROOT_CLASS = YES_ERROR;
				CLANG_WARN_QUOTED_INCLUDE_IN_FRAMEWORK_HEADER = YES;
				CLANG_WARN_RANGE_LOOP_ANALYSIS = YES;
				CLANG_WARN_STRICT_PROTOTYPES = YES;
				CLANG_WARN_SUSPICIOUS_MOVE = YES;
				CLANG_WARN_UNGUARDED_AVAILABILITY = YES_AGGRESSIVE;
				CLANG_WARN_UNREACHABLE_CODE = YES;
				CLANG_WARN__DUPLICATE_METHOD_MATCH = YES;
				COPY_PHASE_STRIP = NO;
				DEBUG_INFORMATION_FORMAT = "dwarf-with-dsym";
				ENABLE_NS_ASSERTIONS = NO;
				ENABLE_STRICT_OBJC_MSGSEND = YES;
				GCC_C_LANGUAGE_STANDARD = gnu11;
				GCC_NO_COMMON_BLOCKS = YES;
				GCC_WARN_64_TO_32_BIT_CONVERSION = YES;
				GCC_WARN_ABOUT_RETURN_TYPE = YES_ERROR;
				GCC_WARN_UNDECLARED_SELECTOR = YES;
				GCC_WARN_UNINITIALIZED_AUTOS = YES_AGGRESSIVE;
				GCC_WARN_UNUSED_FUNCTION = YES;
				GCC_WARN_UNUSED_VARIABLE = YES;
				MACOSX_DEPLOYMENT_TARGET = 13.3;
				MTL_ENABLE_DEBUG_INFO = NO;
				MTL_FAST_MATH = YES;
				SDKROOT = macosx;
			};
			name = Release;
		};
		F81CDA112A6A70AB007A7BA9 /* Debug */ = {
			isa = XCBuildConfiguration;
			buildSettings = {
				CODE_SIGN_STYLE = Automatic;
				COMBINE_HIDPI_IMAGES = YES;
				CURRENT_PROJECT_VERSION = 1;
				GENERATE_INFOPLIST_FILE = YES;
				INFOPLIST_KEY_NSHumanReadableCopyright = "";
				INFOPLIST_KEY_NSPrincipalClass = acobTimerView;
				INSTALL_PATH = "$(HOME)/Library/Screen Savers";
				MARKETING_VERSION = 1.0;
				PRODUCT_BUNDLE_IDENTIFIER = ir.zarg.acobTimer;
				PRODUCT_NAME = "$(TARGET_NAME)";
				SWIFT_EMIT_LOC_STRINGS = YES;
				WRAPPER_EXTENSION = saver;
			};
			name = Debug;
		};
		F81CDA122A6A70AB007A7BA9 /* Release */ = {
			isa = XCBuildConfiguration;
			buildSettings = {
				CODE_SIGN_STYLE = Automatic;
				COMBINE_HIDPI_IMAGES = YES;
				CURRENT_PROJECT_VERSION = 1;
				GENERATE_INFOPLIST_FILE = YES;
				INFOPLIST_KEY_NSHumanReadableCopyright = "";
				INFOPLIST_KEY_NSPrincipalClass = acobTimerView;
				INSTALL_PATH = "$(HOME)/Library/Screen Savers";
				MARKETING_VERSION = 1.0;
				PRODUCT_BUNDLE_IDENTIFIER = ir.zarg.acobTimer;
				PRODUCT_NAME = "$(TARGET_NAME)";
				SWIFT_EMIT_LOC_STRINGS = YES;
				WRAPPER_EXTENSION = saver;
			};
			name = Release;
		};
/* End XCBuildConfiguration section */

/* Begin XCConfigurationList section */
		F81CDA012A6A70AB007A7BA9 /* Build configuration list for PBXProject "acobTimer" */ = {
			isa = XCConfigurationList;
			buildConfigurations = (
				F81CDA0E2A6A70AB007A7BA9 /* Debug */,
				F81CDA0F2A6A70AB007A7BA9 /* Release */,
			);
			defaultConfigurationIsVisible = 0;
			defaultConfigurationName = Release;
		};
		F81CDA102A6A70AB007A7BA9 /* Build configuration list for PBXNativeTarget "acobTimer" */ = {
			isa = XCConfigurationList;
			buildConfigurations = (
				F81CDA112A6A70AB007A7BA9 /* Debug */,
				F81CDA122A6A70AB007A7BA9 /* Release */,
			);
			defaultConfigurationIsVisible = 0;
			defaultConfigurationName = Release;
		};
/* End XCConfigurationList section */
	};
	rootObject = F81CD9FE2A6A70AB007A7BA9 /* Project object */;
}
